
Microsoft Visual Studio Solution File, Format Version 12.00
# Visual Studio Version 16
VisualStudioVersion = 16.0.36324.18
MinimumVisualStudioVersion = 10.0.40219.1
Project("{FAE04EC0-301F-11D3-BF4B-00C04F79EFBC}") = "ProcesoAnulacionMasiva", "ProcesoAnulacionMasiva\ProcesoAnulacionMasiva.csproj", "{C0391D04-D3A2-4284-BD9E-3868A224A4D0}"
EndProject
Global
	GlobalSection(SolutionConfigurationPlatforms) = preSolution
		Debug|Any CPU = Debug|Any CPU
		Release|Any CPU = Release|Any CPU
	EndGlobalSection
	GlobalSection(ProjectConfigurationPlatforms) = postSolution
		{C0391D04-D3A2-4284-BD9E-3868A224A4D0}.Debug|Any CPU.ActiveCfg = Debug|Any CPU
		{C0391D04-D3A2-4284-BD9E-3868A224A4D0}.Debug|Any CPU.Build.0 = Debug|Any CPU
		{C0391D04-D3A2-4284-BD9E-3868A224A4D0}.Release|Any CPU.ActiveCfg = Release|Any CPU
		{C0391D04-D3A2-4284-BD9E-3868A224A4D0}.Release|Any CPU.Build.0 = Release|Any CPU
	EndGlobalSection
	GlobalSection(SolutionProperties) = preSolution
		HideSolutionNode = FALSE
	EndGlobalSection
	GlobalSection(ExtensibilityGlobals) = postSolution
		SolutionGuid = {6B782B94-641E-42FD-B51A-97F5128D19C9}
	EndGlobalSection
EndGlobal
